// !$*UTF8*$!
{
	archiveVersion = 1;
	classes = {
	};
	objectVersion = 50;
	objects = {

/* Begin PBXBuildFile section */
		070FFE9723997EE700176EA5 /* AppDelegate.swift in Sources */ = {isa = PBXBuildFile; fileRef = 070FFE9623997EE700176EA5 /* AppDelegate.swift */; };
		070FFE9923997EE700176EA5 /* SceneDelegate.swift in Sources */ = {isa = PBXBuildFile; fileRef = 070FFE9823997EE700176EA5 /* SceneDelegate.swift */; };
		070FFE9E23997EE700176EA5 /* Main.storyboard in Resources */ = {isa = PBXBuildFile; fileRef = 070FFE9C23997EE700176EA5 /* Main.storyboard */; };
		070FFEA123997EE700176EA5 /* TravelogProject.xcdatamodeld in Sources */ = {isa = PBXBuildFile; fileRef = 070FFE9F23997EE700176EA5 /* TravelogProject.xcdatamodeld */; };
		070FFEA323997EE900176EA5 /* Assets.xcassets in Resources */ = {isa = PBXBuildFile; fileRef = 070FFEA223997EE900176EA5 /* Assets.xcassets */; };
		070FFEA623997EE900176EA5 /* LaunchScreen.storyboard in Resources */ = {isa = PBXBuildFile; fileRef = 070FFEA423997EE900176EA5 /* LaunchScreen.storyboard */; };
		070FFEB123997EE900176EA5 /* TravelogProjectTests.swift in Sources */ = {isa = PBXBuildFile; fileRef = 070FFEB023997EE900176EA5 /* TravelogProjectTests.swift */; };
		070FFEBC23997EE900176EA5 /* TravelogProjectUITests.swift in Sources */ = {isa = PBXBuildFile; fileRef = 070FFEBB23997EE900176EA5 /* TravelogProjectUITests.swift */; };
		070FFECE239980A900176EA5 /* NotesViewController.swift in Sources */ = {isa = PBXBuildFile; fileRef = 070FFECD239980A900176EA5 /* NotesViewController.swift */; };
		070FFED0239980C700176EA5 /* NoteDetailTableViewController.swift in Sources */ = {isa = PBXBuildFile; fileRef = 070FFECF239980C700176EA5 /* NoteDetailTableViewController.swift */; };
		070FFED32399850D00176EA5 /* Note+CoreDataClass.swift in Sources */ = {isa = PBXBuildFile; fileRef = 070FFED12399850D00176EA5 /* Note+CoreDataClass.swift */; };
		070FFED42399850D00176EA5 /* Note+CoreDataProperties.swift in Sources */ = {isa = PBXBuildFile; fileRef = 070FFED22399850D00176EA5 /* Note+CoreDataProperties.swift */; };
/* End PBXBuildFile section */

/* Begin PBXContainerItemProxy section */
		070FFEAD23997EE900176EA5 /* PBXContainerItemProxy */ = {
			isa = PBXContainerItemProxy;
			containerPortal = 070FFE8B23997EE700176EA5 /* Project object */;
			proxyType = 1;
			remoteGlobalIDString = 070FFE9223997EE700176EA5;
			remoteInfo = TravelogProject;
		};
		070FFEB823997EE900176EA5 /* PBXContainerItemProxy */ = {
			isa = PBXContainerItemProxy;
			containerPortal = 070FFE8B23997EE700176EA5 /* Project object */;
			proxyType = 1;
			remoteGlobalIDString = 070FFE9223997EE700176EA5;
			remoteInfo = TravelogProject;
		};
/* End PBXContainerItemProxy section */

/* Begin PBXFileReference section */
		070FFE9323997EE700176EA5 /* TravelogProject.app */ = {isa = PBXFileReference; explicitFileType = wrapper.application; includeInIndex = 0; path = TravelogProject.app; sourceTree = BUILT_PRODUCTS_DIR; };
		070FFE9623997EE700176EA5 /* AppDelegate.swift */ = {isa = PBXFileReference; lastKnownFileType = sourcecode.swift; path = AppDelegate.swift; sourceTree = "<group>"; };
		070FFE9823997EE700176EA5 /* SceneDelegate.swift */ = {isa = PBXFileReference; lastKnownFileType = sourcecode.swift; path = SceneDelegate.swift; sourceTree = "<group>"; };
		070FFE9D23997EE700176EA5 /* Base */ = {isa = PBXFileReference; lastKnownFileType = file.storyboard; name = Base; path = Base.lproj/Main.storyboard; sourceTree = "<group>"; };
		070FFEA023997EE700176EA5 /* TravelogProject.xcdatamodel */ = {isa = PBXFileReference; lastKnownFileType = wrapper.xcdatamodel; path = TravelogProject.xcdatamodel; sourceTree = "<group>"; };
		070FFEA223997EE900176EA5 /* Assets.xcassets */ = {isa = PBXFileReference; lastKnownFileType = folder.assetcatalog; path = Assets.xcassets; sourceTree = "<group>"; };
		070FFEA523997EE900176EA5 /* Base */ = {isa = PBXFileReference; lastKnownFileType = file.storyboard; name = Base; path = Base.lproj/LaunchScreen.storyboard; sourceTree = "<group>"; };
		070FFEA723997EE900176EA5 /* Info.plist */ = {isa = PBXFileReference; lastKnownFileType = text.plist.xml; path = Info.plist; sourceTree = "<group>"; };
		070FFEAC23997EE900176EA5 /* TravelogProjectTests.xctest */ = {isa = PBXFileReference; explicitFileType = wrapper.cfbundle; includeInIndex = 0; path = TravelogProjectTests.xctest; sourceTree = BUILT_PRODUCTS_DIR; };
		070FFEB023997EE900176EA5 /* TravelogProjectTests.swift */ = {isa = PBXFileReference; lastKnownFileType = sourcecode.swift; path = TravelogProjectTests.swift; sourceTree = "<group>"; };
		070FFEB223997EE900176EA5 /* Info.plist */ = {isa = PBXFileReference; lastKnownFileType = text.plist.xml; path = Info.plist; sourceTree = "<group>"; };
		070FFEB723997EE900176EA5 /* TravelogProjectUITests.xctest */ = {isa = PBXFileReference; explicitFileType = wrapper.cfbundle; includeInIndex = 0; path = TravelogProjectUITests.xctest; sourceTree = BUILT_PRODUCTS_DIR; };
		070FFEBB23997EE900176EA5 /* TravelogProjectUITests.swift */ = {isa = PBXFileReference; lastKnownFileType = sourcecode.swift; path = TravelogProjectUITests.swift; sourceTree = "<group>"; };
		070FFEBD23997EE900176EA5 /* Info.plist */ = {isa = PBXFileReference; lastKnownFileType = text.plist.xml; path = Info.plist; sourceTree = "<group>"; };
		070FFECD239980A900176EA5 /* NotesViewController.swift */ = {isa = PBXFileReference; lastKnownFileType = sourcecode.swift; path = NotesViewController.swift; sourceTree = "<group>"; };
		070FFECF239980C700176EA5 /* NoteDetailTableViewController.swift */ = {isa = PBXFileReference; lastKnownFileType = sourcecode.swift; path = NoteDetailTableViewController.swift; sourceTree = "<group>"; };
		070FFED12399850D00176EA5 /* Note+CoreDataClass.swift */ = {isa = PBXFileReference; lastKnownFileType = sourcecode.swift; path = "Note+CoreDataClass.swift"; sourceTree = "<group>"; };
		070FFED22399850D00176EA5 /* Note+CoreDataProperties.swift */ = {isa = PBXFileReference; lastKnownFileType = sourcecode.swift; path = "Note+CoreDataProperties.swift"; sourceTree = "<group>"; };
/* End PBXFileReference section */

/* Begin PBXFrameworksBuildPhase section */
		070FFE9023997EE700176EA5 /* Frameworks */ = {
			isa = PBXFrameworksBuildPhase;
			buildActionMask = 2147483647;
			files = (
			);
			runOnlyForDeploymentPostprocessing = 0;
		};
		070FFEA923997EE900176EA5 /* Frameworks */ = {
			isa = PBXFrameworksBuildPhase;
			buildActionMask = 2147483647;
			files = (
			);
			runOnlyForDeploymentPostprocessing = 0;
		};
		070FFEB423997EE900176EA5 /* Frameworks */ = {
			isa = PBXFrameworksBuildPhase;
			buildActionMask = 2147483647;
			files = (
			);
			runOnlyForDeploymentPostprocessing = 0;
		};
/* End PBXFrameworksBuildPhase section */

/* Begin PBXGroup section */
		070FFE8A23997EE700176EA5 = {
			isa = PBXGroup;
			children = (
				070FFE9523997EE700176EA5 /* TravelogProject */,
				070FFEAF23997EE900176EA5 /* TravelogProjectTests */,
				070FFEBA23997EE900176EA5 /* TravelogProjectUITests */,
				070FFE9423997EE700176EA5 /* Products */,
			);
			sourceTree = "<group>";
		};
		070FFE9423997EE700176EA5 /* Products */ = {
			isa = PBXGroup;
			children = (
				070FFE9323997EE700176EA5 /* TravelogProject.app */,
				070FFEAC23997EE900176EA5 /* TravelogProjectTests.xctest */,
				070FFEB723997EE900176EA5 /* TravelogProjectUITests.xctest */,
			);
			name = Products;
			sourceTree = "<group>";
		};
		070FFE9523997EE700176EA5 /* TravelogProject */ = {
			isa = PBXGroup;
			children = (
				070FFED12399850D00176EA5 /* Note+CoreDataClass.swift */,
				070FFED22399850D00176EA5 /* Note+CoreDataProperties.swift */,
				070FFE9623997EE700176EA5 /* AppDelegate.swift */,
				070FFE9823997EE700176EA5 /* SceneDelegate.swift */,
				070FFE9C23997EE700176EA5 /* Main.storyboard */,
				070FFEA223997EE900176EA5 /* Assets.xcassets */,
				070FFEA423997EE900176EA5 /* LaunchScreen.storyboard */,
				070FFEA723997EE900176EA5 /* Info.plist */,
				070FFE9F23997EE700176EA5 /* TravelogProject.xcdatamodeld */,
				070FFECD239980A900176EA5 /* NotesViewController.swift */,
				070FFECF239980C700176EA5 /* NoteDetailTableViewController.swift */,
			);
			path = TravelogProject;
			sourceTree = "<group>";
		};
		070FFEAF23997EE900176EA5 /* TravelogProjectTests */ = {
			isa = PBXGroup;
			children = (
				070FFEB023997EE900176EA5 /* TravelogProjectTests.swift */,
				070FFEB223997EE900176EA5 /* Info.plist */,
			);
			path = TravelogProjectTests;
			sourceTree = "<group>";
		};
		070FFEBA23997EE900176EA5 /* TravelogProjectUITests */ = {
			isa = PBXGroup;
			children = (
				070FFEBB23997EE900176EA5 /* TravelogProjectUITests.swift */,
				070FFEBD23997EE900176EA5 /* Info.plist */,
			);
			path = TravelogProjectUITests;
			sourceTree = "<group>";
		};
/* End PBXGroup section */

/* Begin PBXNativeTarget section */
		070FFE9223997EE700176EA5 /* TravelogProject */ = {
			isa = PBXNativeTarget;
			buildConfigurationList = 070FFEC023997EE900176EA5 /* Build configuration list for PBXNativeTarget "TravelogProject" */;
			buildPhases = (
				070FFE8F23997EE700176EA5 /* Sources */,
				070FFE9023997EE700176EA5 /* Frameworks */,
				070FFE9123997EE700176EA5 /* Resources */,
			);
			buildRules = (
			);
			dependencies = (
			);
			name = TravelogProject;
			productName = TravelogProject;
			productReference = 070FFE9323997EE700176EA5 /* TravelogProject.app */;
			productType = "com.apple.product-type.application";
		};
		070FFEAB23997EE900176EA5 /* TravelogProjectTests */ = {
			isa = PBXNativeTarget;
			buildConfigurationList = 070FFEC323997EE900176EA5 /* Build configuration list for PBXNativeTarget "TravelogProjectTests" */;
			buildPhases = (
				070FFEA823997EE900176EA5 /* Sources */,
				070FFEA923997EE900176EA5 /* Frameworks */,
				070FFEAA23997EE900176EA5 /* Resources */,
			);
			buildRules = (
			);
			dependencies = (
				070FFEAE23997EE900176EA5 /* PBXTargetDependency */,
			);
			name = TravelogProjectTests;
			productName = TravelogProjectTests;
			productReference = 070FFEAC23997EE900176EA5 /* TravelogProjectTests.xctest */;
			productType = "com.apple.product-type.bundle.unit-test";
		};
		070FFEB623997EE900176EA5 /* TravelogProjectUITests */ = {
			isa = PBXNativeTarget;
			buildConfigurationList = 070FFEC623997EE900176EA5 /* Build configuration list for PBXNativeTarget "TravelogProjectUITests" */;
			buildPhases = (
				070FFEB323997EE900176EA5 /* Sources */,
				070FFEB423997EE900176EA5 /* Frameworks */,
				070FFEB523997EE900176EA5 /* Resources */,
			);
			buildRules = (
			);
			dependencies = (
				070FFEB923997EE900176EA5 /* PBXTargetDependency */,
			);
			name = TravelogProjectUITests;
			productName = TravelogProjectUITests;
			productReference = 070FFEB723997EE900176EA5 /* TravelogProjectUITests.xctest */;
			productType = "com.apple.product-type.bundle.ui-testing";
		};
/* End PBXNativeTarget section */

/* Begin PBXProject section */
		070FFE8B23997EE700176EA5 /* Project object */ = {
			isa = PBXProject;
			attributes = {
				LastSwiftUpdateCheck = 1100;
				LastUpgradeCheck = 1100;
				ORGANIZATIONNAME = "Brady Webb";
				TargetAttributes = {
					070FFE9223997EE700176EA5 = {
						CreatedOnToolsVersion = 11.0;
					};
					070FFEAB23997EE900176EA5 = {
						CreatedOnToolsVersion = 11.0;
						TestTargetID = 070FFE9223997EE700176EA5;
					};
					070FFEB623997EE900176EA5 = {
						CreatedOnToolsVersion = 11.0;
						TestTargetID = 070FFE9223997EE700176EA5;
					};
				};
			};
			buildConfigurationList = 070FFE8E23997EE700176EA5 /* Build configuration list for PBXProject "TravelogProject" */;
			compatibilityVersion = "Xcode 9.3";
			developmentRegion = en;
			hasScannedForEncodings = 0;
			knownRegions = (
				en,
				Base,
			);
			mainGroup = 070FFE8A23997EE700176EA5;
			productRefGroup = 070FFE9423997EE700176EA5 /* Products */;
			projectDirPath = "";
			projectRoot = "";
			targets = (
				070FFE9223997EE700176EA5 /* TravelogProject */,
				070FFEAB23997EE900176EA5 /* TravelogProjectTests */,
				070FFEB623997EE900176EA5 /* TravelogProjectUITests */,
			);
		};
/* End PBXProject section */

/* Begin PBXResourcesBuildPhase section */
		070FFE9123997EE700176EA5 /* Resources */ = {
			isa = PBXResourcesBuildPhase;
			buildActionMask = 2147483647;
			files = (
				070FFEA623997EE900176EA5 /* LaunchScreen.storyboard in Resources */,
				070FFEA323997EE900176EA5 /* Assets.xcassets in Resources */,
				070FFE9E23997EE700176EA5 /* Main.storyboard in Resources */,
			);
			runOnlyForDeploymentPostprocessing = 0;
		};
		070FFEAA23997EE900176EA5 /* Resources */ = {
			isa = PBXResourcesBuildPhase;
			buildActionMask = 2147483647;
			files = (
			);
			runOnlyForDeploymentPostprocessing = 0;
		};
		070FFEB523997EE900176EA5 /* Resources */ = {
			isa = PBXResourcesBuildPhase;
			buildActionMask = 2147483647;
			files = (
			);
			runOnlyForDeploymentPostprocessing = 0;
		};
/* End PBXResourcesBuildPhase section */

/* Begin PBXSourcesBuildPhase section */
		070FFE8F23997EE700176EA5 /* Sources */ = {
			isa = PBXSourcesBuildPhase;
			buildActionMask = 2147483647;
			files = (
				070FFE9723997EE700176EA5 /* AppDelegate.swift in Sources */,
				070FFED42399850D00176EA5 /* Note+CoreDataProperties.swift in Sources */,
				070FFECE239980A900176EA5 /* NotesViewController.swift in Sources */,
				070FFE9923997EE700176EA5 /* SceneDelegate.swift in Sources */,
				070FFED32399850D00176EA5 /* Note+CoreDataClass.swift in Sources */,
				070FFEA123997EE700176EA5 /* TravelogProject.xcdatamodeld in Sources */,
				070FFED0239980C700176EA5 /* NoteDetailTableViewController.swift in Sources */,
			);
			runOnlyForDeploymentPostprocessing = 0;
		};
		070FFEA823997EE900176EA5 /* Sources */ = {
			isa = PBXSourcesBuildPhase;
			buildActionMask = 2147483647;
			files = (
				070FFEB123997EE900176EA5 /* TravelogProjectTests.swift in Sources */,
			);
			runOnlyForDeploymentPostprocessing = 0;
		};
		070FFEB323997EE900176EA5 /* Sources */ = {
			isa = PBXSourcesBuildPhase;
			buildActionMask = 2147483647;
			files = (
				070FFEBC23997EE900176EA5 /* TravelogProjectUITests.swift in Sources */,
			);
			runOnlyForDeploymentPostprocessing = 0;
		};
/* End PBXSourcesBuildPhase section */

/* Begin PBXTargetDependency section */
		070FFEAE23997EE900176EA5 /* PBXTargetDependency */ = {
			isa = PBXTargetDependency;
			target = 070FFE9223997EE700176EA5 /* TravelogProject */;
			targetProxy = 070FFEAD23997EE900176EA5 /* PBXContainerItemProxy */;
		};
		070FFEB923997EE900176EA5 /* PBXTargetDependency */ = {
			isa = PBXTargetDependency;
			target = 070FFE9223997EE700176EA5 /* TravelogProject */;
			targetProxy = 070FFEB823997EE900176EA5 /* PBXContainerItemProxy */;
		};
/* End PBXTargetDependency section */

/* Begin PBXVariantGroup section */
		070FFE9C23997EE700176EA5 /* Main.storyboard */ = {
			isa = PBXVariantGroup;
			children = (
				070FFE9D23997EE700176EA5 /* Base */,
			);
			name = Main.storyboard;
			sourceTree = "<group>";
		};
		070FFEA423997EE900176EA5 /* LaunchScreen.storyboard */ = {
			isa = PBXVariantGroup;
			children = (
				070FFEA523997EE900176EA5 /* Base */,
			);
			name = LaunchScreen.storyboard;
			sourceTree = "<group>";
		};
/* End PBXVariantGroup section */

/* Begin XCBuildConfiguration section */
		070FFEBE23997EE900176EA5 /* Debug */ = {
			isa = XCBuildConfiguration;
			buildSettings = {
				ALWAYS_SEARCH_USER_PATHS = NO;
				CLANG_ANALYZER_NONNULL = YES;
				CLANG_ANALYZER_NUMBER_OBJECT_CONVERSION = YES_AGGRESSIVE;
				CLANG_CXX_LANGUAGE_STANDARD = "gnu++14";
				CLANG_CXX_LIBRARY = "libc++";
				CLANG_ENABLE_MODULES = YES;
				CLANG_ENABLE_OBJC_ARC = YES;
				CLANG_ENABLE_OBJC_WEAK = YES;
				CLANG_WARN_BLOCK_CAPTURE_AUTORELEASING = YES;
				CLANG_WARN_BOOL_CONVERSION = YES;
				CLANG_WARN_COMMA = YES;
				CLANG_WARN_CONSTANT_CONVERSION = YES;
				CLANG_WARN_DEPRECATED_OBJC_IMPLEMENTATIONS = YES;
				CLANG_WARN_DIRECT_OBJC_ISA_USAGE = YES_ERROR;
				CLANG_WARN_DOCUMENTATION_COMMENTS = YES;
				CLANG_WARN_EMPTY_BODY = YES;
				CLANG_WARN_ENUM_CONVERSION = YES;
				CLANG_WARN_INFINITE_RECURSION = YES;
				CLANG_WARN_INT_CONVERSION = YES;
				CLANG_WARN_NON_LITERAL_NULL_CONVERSION = YES;
				CLANG_WARN_OBJC_IMPLICIT_RETAIN_SELF = YES;
				CLANG_WARN_OBJC_LITERAL_CONVERSION = YES;
				CLANG_WARN_OBJC_ROOT_CLASS = YES_ERROR;
				CLANG_WARN_RANGE_LOOP_ANALYSIS = YES;
				CLANG_WARN_STRICT_PROTOTYPES = YES;
				CLANG_WARN_SUSPICIOUS_MOVE = YES;
				CLANG_WARN_UNGUARDED_AVAILABILITY = YES_AGGRESSIVE;
				CLANG_WARN_UNREACHABLE_CODE = YES;
				CLANG_WARN__DUPLICATE_METHOD_MATCH = YES;
				COPY_PHASE_STRIP = NO;
				DEBUG_INFORMATION_FORMAT = dwarf;
				ENABLE_STRICT_OBJC_MSGSEND = YES;
				ENABLE_TESTABILITY = YES;
				GCC_C_LANGUAGE_STANDARD = gnu11;
				GCC_DYNAMIC_NO_PIC = NO;
				GCC_NO_COMMON_BLOCKS = YES;
				GCC_OPTIMIZATION_LEVEL = 0;
				GCC_PREPROCESSOR_DEFINITIONS = (
					"DEBUG=1",
					"$(inherited)",
				);
				GCC_WARN_64_TO_32_BIT_CONVERSION = YES;
				GCC_WARN_ABOUT_RETURN_TYPE = YES_ERROR;
				GCC_WARN_UNDECLARED_SELECTOR = YES;
				GCC_WARN_UNINITIALIZED_AUTOS = YES_AGGRESSIVE;
				GCC_WARN_UNUSED_FUNCTION = YES;
				GCC_WARN_UNUSED_VARIABLE = YES;
				IPHONEOS_DEPLOYMENT_TARGET = 13.0;
				MTL_ENABLE_DEBUG_INFO = INCLUDE_SOURCE;
				MTL_FAST_MATH = YES;
				ONLY_ACTIVE_ARCH = YES;
				SDKROOT = iphoneos;
				SWIFT_ACTIVE_COMPILATION_CONDITIONS = DEBUG;
				SWIFT_OPTIMIZATION_LEVEL = "-Onone";
			};
			name = Debug;
		};
		070FFEBF23997EE900176EA5 /* Release */ = {
			isa = XCBuildConfiguration;
			buildSettings = {
				ALWAYS_SEARCH_USER_PATHS = NO;
				CLANG_ANALYZER_NONNULL = YES;
				CLANG_ANALYZER_NUMBER_OBJECT_CONVERSION = YES_AGGRESSIVE;
				CLANG_CXX_LANGUAGE_STANDARD = "gnu++14";
				CLANG_CXX_LIBRARY = "libc++";
				CLANG_ENABLE_MODULES = YES;
				CLANG_ENABLE_OBJC_ARC = YES;
				CLANG_ENABLE_OBJC_WEAK = YES;
				CLANG_WARN_BLOCK_CAPTURE_AUTORELEASING = YES;
				CLANG_WARN_BOOL_CONVERSION = YES;
				CLANG_WARN_COMMA = YES;
				CLANG_WARN_CONSTANT_CONVERSION = YES;
				CLANG_WARN_DEPRECATED_OBJC_IMPLEMENTATIONS = YES;
				CLANG_WARN_DIRECT_OBJC_ISA_USAGE = YES_ERROR;
				CLANG_WARN_DOCUMENTATION_COMMENTS = YES;
				CLANG_WARN_EMPTY_BODY = YES;
				CLANG_WARN_ENUM_CONVERSION = YES;
				CLANG_WARN_INFINITE_RECURSION = YES;
				CLANG_WARN_INT_CONVERSION = YES;
				CLANG_WARN_NON_LITERAL_NULL_CONVERSION = YES;
				CLANG_WARN_OBJC_IMPLICIT_RETAIN_SELF = YES;
				CLANG_WARN_OBJC_LITERAL_CONVERSION = YES;
				CLANG_WARN_OBJC_ROOT_CLASS = YES_ERROR;
				CLANG_WARN_RANGE_LOOP_ANALYSIS = YES;
				CLANG_WARN_STRICT_PROTOTYPES = YES;
				CLANG_WARN_SUSPICIOUS_MOVE = YES;
				CLANG_WARN_UNGUARDED_AVAILABILITY = YES_AGGRESSIVE;
				CLANG_WARN_UNREACHABLE_CODE = YES;
				CLANG_WARN__DUPLICATE_METHOD_MATCH = YES;
				COPY_PHASE_STRIP = NO;
				DEBUG_INFORMATION_FORMAT = "dwarf-with-dsym";
				ENABLE_NS_ASSERTIONS = NO;
				ENABLE_STRICT_OBJC_MSGSEND = YES;
				GCC_C_LANGUAGE_STANDARD = gnu11;
				GCC_NO_COMMON_BLOCKS = YES;
				GCC_WARN_64_TO_32_BIT_CONVERSION = YES;
				GCC_WARN_ABOUT_RETURN_TYPE = YES_ERROR;
				GCC_WARN_UNDECLARED_SELECTOR = YES;
				GCC_WARN_UNINITIALIZED_AUTOS = YES_AGGRESSIVE;
				GCC_WARN_UNUSED_FUNCTION = YES;
				GCC_WARN_UNUSED_VARIABLE = YES;
				IPHONEOS_DEPLOYMENT_TARGET = 13.0;
				MTL_ENABLE_DEBUG_INFO = NO;
				MTL_FAST_MATH = YES;
				SDKROOT = iphoneos;
				SWIFT_COMPILATION_MODE = wholemodule;
				SWIFT_OPTIMIZATION_LEVEL = "-O";
				VALIDATE_PRODUCT = YES;
			};
			name = Release;
		};
		070FFEC123997EE900176EA5 /* Debug */ = {
			isa = XCBuildConfiguration;
			buildSettings = {
				ASSETCATALOG_COMPILER_APPICON_NAME = AppIcon;
				CODE_SIGN_STYLE = Automatic;
				DEVELOPMENT_TEAM = PG6CURL89C;
				INFOPLIST_FILE = TravelogProject/Info.plist;
				LD_RUNPATH_SEARCH_PATHS = (
					"$(inherited)",
					"@executable_path/Frameworks",
				);
				PRODUCT_BUNDLE_IDENTIFIER = edu.missouri.TravelogProject;
				PRODUCT_NAME = "$(TARGET_NAME)";
				SWIFT_VERSION = 5.0;
				TARGETED_DEVICE_FAMILY = "1,2";
			};
			name = Debug;
		};
		070FFEC223997EE900176EA5 /* Release */ = {
			isa = XCBuildConfiguration;
			buildSettings = {
				ASSETCATALOG_COMPILER_APPICON_NAME = AppIcon;
				CODE_SIGN_STYLE = Automatic;
				DEVELOPMENT_TEAM = PG6CURL89C;
				INFOPLIST_FILE = TravelogProject/Info.plist;
				LD_RUNPATH_SEARCH_PATHS = (
					"$(inherited)",
					"@executable_path/Frameworks",
				);
				PRODUCT_BUNDLE_IDENTIFIER = edu.missouri.TravelogProject;
				PRODUCT_NAME = "$(TARGET_NAME)";
				SWIFT_VERSION = 5.0;
				TARGETED_DEVICE_FAMILY = "1,2";
			};
			name = Release;
		};
		070FFEC423997EE900176EA5 /* Debug */ = {
			isa = XCBuildConfiguration;
			buildSettings = {
				ALWAYS_EMBED_SWIFT_STANDARD_LIBRARIES = YES;
				BUNDLE_LOADER = "$(TEST_HOST)";
				CODE_SIGN_STYLE = Automatic;
				DEVELOPMENT_TEAM = PG6CURL89C;
				INFOPLIST_FILE = TravelogProjectTests/Info.plist;
				IPHONEOS_DEPLOYMENT_TARGET = 13.0;
				LD_RUNPATH_SEARCH_PATHS = (
					"$(inherited)",
					"@executable_path/Frameworks",
					"@loader_path/Frameworks",
				);
				PRODUCT_BUNDLE_IDENTIFIER = edu.missouri.TravelogProjectTests;
				PRODUCT_NAME = "$(TARGET_NAME)";
				SWIFT_VERSION = 5.0;
				TARGETED_DEVICE_FAMILY = "1,2";
				TEST_HOST = "$(BUILT_PRODUCTS_DIR)/TravelogProject.app/TravelogProject";
			};
			name = Debug;
		};
		070FFEC523997EE900176EA5 /* Release */ = {
			isa = XCBuildConfiguration;
			buildSettings = {
				ALWAYS_EMBED_SWIFT_STANDARD_LIBRARIES = YES;
				BUNDLE_LOADER = "$(TEST_HOST)";
				CODE_SIGN_STYLE = Automatic;
				DEVELOPMENT_TEAM = PG6CURL89C;
				INFOPLIST_FILE = TravelogProjectTests/Info.plist;
				IPHONEOS_DEPLOYMENT_TARGET = 13.0;
				LD_RUNPATH_SEARCH_PATHS = (
					"$(inherited)",
					"@executable_path/Frameworks",
					"@loader_path/Frameworks",
				);
				PRODUCT_BUNDLE_IDENTIFIER = edu.missouri.TravelogProjectTests;
				PRODUCT_NAME = "$(TARGET_NAME)";
				SWIFT_VERSION = 5.0;
				TARGETED_DEVICE_FAMILY = "1,2";
				TEST_HOST = "$(BUILT_PRODUCTS_DIR)/TravelogProject.app/TravelogProject";
			};
			name = Release;
		};
		070FFEC723997EE900176EA5 /* Debug */ = {
			isa = XCBuildConfiguration;
			buildSettings = {
				ALWAYS_EMBED_SWIFT_STANDARD_LIBRARIES = YES;
				CODE_SIGN_STYLE = Automatic;
				DEVELOPMENT_TEAM = PG6CURL89C;
				INFOPLIST_FILE = TravelogProjectUITests/Info.plist;
				LD_RUNPATH_SEARCH_PATHS = (
					"$(inherited)",
					"@executable_path/Frameworks",
					"@loader_path/Frameworks",
				);
				PRODUCT_BUNDLE_IDENTIFIER = edu.missouri.TravelogProjectUITests;
				PRODUCT_NAME = "$(TARGET_NAME)";
				SWIFT_VERSION = 5.0;
				TARGETED_DEVICE_FAMILY = "1,2";
				TEST_TARGET_NAME = TravelogProject;
			};
			name = Debug;
		};
		070FFEC823997EE900176EA5 /* Release */ = {
			isa = XCBuildConfiguration;
			buildSettings = {
				ALWAYS_EMBED_SWIFT_STANDARD_LIBRARIES = YES;
				CODE_SIGN_STYLE = Automatic;
				DEVELOPMENT_TEAM = PG6CURL89C;
				INFOPLIST_FILE = TravelogProjectUITests/Info.plist;
				LD_RUNPATH_SEARCH_PATHS = (
					"$(inherited)",
					"@executable_path/Frameworks",
					"@loader_path/Frameworks",
				);
				PRODUCT_BUNDLE_IDENTIFIER = edu.missouri.TravelogProjectUITests;
				PRODUCT_NAME = "$(TARGET_NAME)";
				SWIFT_VERSION = 5.0;
				TARGETED_DEVICE_FAMILY = "1,2";
				TEST_TARGET_NAME = TravelogProject;
			};
			name = Release;
		};
/* End XCBuildConfiguration section */

/* Begin XCConfigurationList section */
		070FFE8E23997EE700176EA5 /* Build configuration list for PBXProject "TravelogProject" */ = {
			isa = XCConfigurationList;
			buildConfigurations = (
				070FFEBE23997EE900176EA5 /* Debug */,
				070FFEBF23997EE900176EA5 /* Release */,
			);
			defaultConfigurationIsVisible = 0;
			defaultConfigurationName = Release;
		};
		070FFEC023997EE900176EA5 /* Build configuration list for PBXNativeTarget "TravelogProject" */ = {
			isa = XCConfigurationList;
			buildConfigurations = (
				070FFEC123997EE900176EA5 /* Debug */,
				070FFEC223997EE900176EA5 /* Release */,
			);
			defaultConfigurationIsVisible = 0;
			defaultConfigurationName = Release;
		};
		070FFEC323997EE900176EA5 /* Build configuration list for PBXNativeTarget "TravelogProjectTests" */ = {
			isa = XCConfigurationList;
			buildConfigurations = (
				070FFEC423997EE900176EA5 /* Debug */,
				070FFEC523997EE900176EA5 /* Release */,
			);
			defaultConfigurationIsVisible = 0;
			defaultConfigurationName = Release;
		};
		070FFEC623997EE900176EA5 /* Build configuration list for PBXNativeTarget "TravelogProjectUITests" */ = {
			isa = XCConfigurationList;
			buildConfigurations = (
				070FFEC723997EE900176EA5 /* Debug */,
				070FFEC823997EE900176EA5 /* Release */,
			);
			defaultConfigurationIsVisible = 0;
			defaultConfigurationName = Release;
		};
/* End XCConfigurationList section */

/* Begin XCVersionGroup section */
		070FFE9F23997EE700176EA5 /* TravelogProject.xcdatamodeld */ = {
			isa = XCVersionGroup;
			children = (
				070FFEA023997EE700176EA5 /* TravelogProject.xcdatamodel */,
			);
			currentVersion = 070FFEA023997EE700176EA5 /* TravelogProject.xcdatamodel */;
			path = TravelogProject.xcdatamodeld;
			sourceTree = "<group>";
			versionGroupType = wrapper.xcdatamodel;
		};
/* End XCVersionGroup section */
	};
	rootObject = 070FFE8B23997EE700176EA5 /* Project object */;
}
